
Microsoft Visual Studio Solution File, Format Version 12.00
Project("{2150E333-8FDC-42A3-9474-1A3956D46DE8}") = "Step1", "Step1", "{1021CE1C-B309-4B01-A8B0-0DAE553FDA7E}"
EndProject
Project("{2150E333-8FDC-42A3-9474-1A3956D46DE8}") = "Step2", "Step2", "{21EE09FA-029F-4BE5-BB25-2A3587046D52}"
EndProject
Project("{2150E333-8FDC-42A3-9474-1A3956D46DE8}") = "Step3", "Step3", "{3B9D376D-656C-4F38-9E60-AFCF4CAACCE3}"
EndProject
Project("{2150E333-8FDC-42A3-9474-1A3956D46DE8}") = "Step4", "Step4", "{7D88FDE7-D687-4BD5-B097-AB20C3DFFABD}"
EndProject
Project("{FAE04EC0-301F-11D3-BF4B-00C04F79EFBC}") = "QuestionsApp.Web", "Step1\QuestionsApp.Web\QuestionsApp.Web.csproj", "{ABA9CE0E-0E0A-4A2E-A17F-185A8C757F01}"
EndProject
Project("{FAE04EC0-301F-11D3-BF4B-00C04F79EFBC}") = "QuestionsApp.Tests", "Step1\QuestionsApp.Tests\QuestionsApp.Tests.csproj", "{E581D324-B0B9-4B17-888E-80E9506DFD08}"
EndProject
Project("{FAE04EC0-301F-11D3-BF4B-00C04F79EFBC}") = "QuestionsApp.Web", "Step2\QuestionsApp.Web\QuestionsApp.Web.csproj", "{E1B14E62-4D34-4B6B-A8B5-4048C0EF1F24}"
EndProject
Project("{FAE04EC0-301F-11D3-BF4B-00C04F79EFBC}") = "QuestionsApp.Tests", "Step2\QuestionsApp.Tests\QuestionsApp.Tests.csproj", "{5E29F6F2-4C5E-4096-8C73-689742136ADA}"
EndProject
Project("{FAE04EC0-301F-11D3-BF4B-00C04F79EFBC}") = "QuestionsApp.Web", "Step3\QuestionsApp.Web\QuestionsApp.Web.csproj", "{3872F108-A9DB-4CFB-B158-79A749967AE4}"
EndProject
Project("{FAE04EC0-301F-11D3-BF4B-00C04F79EFBC}") = "QuestionsApp.Tests", "Step3\QuestionsApp.Tests\QuestionsApp.Tests.csproj", "{89547CE8-E30D-4E26-92DD-27374A69D3AC}"
EndProject
Project("{FAE04EC0-301F-11D3-BF4B-00C04F79EFBC}") = "QuestionsApp.Web", "Step4\QuestionsApp.Web\QuestionsApp.Web.csproj", "{0BF762B8-1E7A-4070-8021-DA575E4EEF38}"
EndProject
Project("{FAE04EC0-301F-11D3-BF4B-00C04F79EFBC}") = "QuestionsApp.Tests", "Step4\QuestionsApp.Tests\QuestionsApp.Tests.csproj", "{F75C74E1-ED62-42B0-82BB-BCA146CB9A3A}"
EndProject
Project("{2150E333-8FDC-42A3-9474-1A3956D46DE8}") = "Docs", "Docs", "{B0F395B3-0AF0-452A-B95F-78AD0E24C10F}"
	ProjectSection(SolutionItems) = preProject
		Step1.md = Step1.md
		Step2.md = Step2.md
		Step3.md = Step3.md
		Step4.md = Step4.md
		Step0.md = Step0.md
	EndProjectSection
EndProject
Project("{2150E333-8FDC-42A3-9474-1A3956D46DE8}") = "Step0", "Step0", "{E44A7E3F-147A-49EF-8643-608311ACCA3C}"
EndProject
Project("{FAE04EC0-301F-11D3-BF4B-00C04F79EFBC}") = "QuestionsApp.Web", "Step0\QuestionsApp.Web\QuestionsApp.Web.csproj", "{8618420A-D429-48F8-AD05-24025A068A7C}"
EndProject
Project("{FAE04EC0-301F-11D3-BF4B-00C04F79EFBC}") = "QuestionsApp.Tests", "Step0\QuestionsApp.Tests\QuestionsApp.Tests.csproj", "{8183FA41-FB8B-483A-8CF5-00A928C138E4}"
EndProject
Global
	GlobalSection(SolutionConfigurationPlatforms) = preSolution
		Debug|Any CPU = Debug|Any CPU
		Release|Any CPU = Release|Any CPU
	EndGlobalSection
	GlobalSection(NestedProjects) = preSolution
		{ABA9CE0E-0E0A-4A2E-A17F-185A8C757F01} = {1021CE1C-B309-4B01-A8B0-0DAE553FDA7E}
		{E581D324-B0B9-4B17-888E-80E9506DFD08} = {1021CE1C-B309-4B01-A8B0-0DAE553FDA7E}
		{E1B14E62-4D34-4B6B-A8B5-4048C0EF1F24} = {21EE09FA-029F-4BE5-BB25-2A3587046D52}
		{5E29F6F2-4C5E-4096-8C73-689742136ADA} = {21EE09FA-029F-4BE5-BB25-2A3587046D52}
		{3872F108-A9DB-4CFB-B158-79A749967AE4} = {3B9D376D-656C-4F38-9E60-AFCF4CAACCE3}
		{89547CE8-E30D-4E26-92DD-27374A69D3AC} = {3B9D376D-656C-4F38-9E60-AFCF4CAACCE3}
		{0BF762B8-1E7A-4070-8021-DA575E4EEF38} = {7D88FDE7-D687-4BD5-B097-AB20C3DFFABD}
		{F75C74E1-ED62-42B0-82BB-BCA146CB9A3A} = {7D88FDE7-D687-4BD5-B097-AB20C3DFFABD}
		{8618420A-D429-48F8-AD05-24025A068A7C} = {E44A7E3F-147A-49EF-8643-608311ACCA3C}
		{8183FA41-FB8B-483A-8CF5-00A928C138E4} = {E44A7E3F-147A-49EF-8643-608311ACCA3C}
	EndGlobalSection
	GlobalSection(ProjectConfigurationPlatforms) = postSolution
		{ABA9CE0E-0E0A-4A2E-A17F-185A8C757F01}.Debug|Any CPU.ActiveCfg = Debug|Any CPU
		{ABA9CE0E-0E0A-4A2E-A17F-185A8C757F01}.Debug|Any CPU.Build.0 = Debug|Any CPU
		{ABA9CE0E-0E0A-4A2E-A17F-185A8C757F01}.Release|Any CPU.ActiveCfg = Release|Any CPU
		{ABA9CE0E-0E0A-4A2E-A17F-185A8C757F01}.Release|Any CPU.Build.0 = Release|Any CPU
		{E581D324-B0B9-4B17-888E-80E9506DFD08}.Debug|Any CPU.ActiveCfg = Debug|Any CPU
		{E581D324-B0B9-4B17-888E-80E9506DFD08}.Debug|Any CPU.Build.0 = Debug|Any CPU
		{E581D324-B0B9-4B17-888E-80E9506DFD08}.Release|Any CPU.ActiveCfg = Release|Any CPU
		{E581D324-B0B9-4B17-888E-80E9506DFD08}.Release|Any CPU.Build.0 = Release|Any CPU
		{E1B14E62-4D34-4B6B-A8B5-4048C0EF1F24}.Debug|Any CPU.ActiveCfg = Debug|Any CPU
		{E1B14E62-4D34-4B6B-A8B5-4048C0EF1F24}.Debug|Any CPU.Build.0 = Debug|Any CPU
		{E1B14E62-4D34-4B6B-A8B5-4048C0EF1F24}.Release|Any CPU.ActiveCfg = Release|Any CPU
		{E1B14E62-4D34-4B6B-A8B5-4048C0EF1F24}.Release|Any CPU.Build.0 = Release|Any CPU
		{5E29F6F2-4C5E-4096-8C73-689742136ADA}.Debug|Any CPU.ActiveCfg = Debug|Any CPU
		{5E29F6F2-4C5E-4096-8C73-689742136ADA}.Debug|Any CPU.Build.0 = Debug|Any CPU
		{5E29F6F2-4C5E-4096-8C73-689742136ADA}.Release|Any CPU.ActiveCfg = Release|Any CPU
		{5E29F6F2-4C5E-4096-8C73-689742136ADA}.Release|Any CPU.Build.0 = Release|Any CPU
		{3872F108-A9DB-4CFB-B158-79A749967AE4}.Debug|Any CPU.ActiveCfg = Debug|Any CPU
		{3872F108-A9DB-4CFB-B158-79A749967AE4}.Debug|Any CPU.Build.0 = Debug|Any CPU
		{3872F108-A9DB-4CFB-B158-79A749967AE4}.Release|Any CPU.ActiveCfg = Release|Any CPU
		{3872F108-A9DB-4CFB-B158-79A749967AE4}.Release|Any CPU.Build.0 = Release|Any CPU
		{89547CE8-E30D-4E26-92DD-27374A69D3AC}.Debug|Any CPU.ActiveCfg = Debug|Any CPU
		{89547CE8-E30D-4E26-92DD-27374A69D3AC}.Debug|Any CPU.Build.0 = Debug|Any CPU
		{89547CE8-E30D-4E26-92DD-27374A69D3AC}.Release|Any CPU.ActiveCfg = Release|Any CPU
		{89547CE8-E30D-4E26-92DD-27374A69D3AC}.Release|Any CPU.Build.0 = Release|Any CPU
		{0BF762B8-1E7A-4070-8021-DA575E4EEF38}.Debug|Any CPU.ActiveCfg = Debug|Any CPU
		{0BF762B8-1E7A-4070-8021-DA575E4EEF38}.Debug|Any CPU.Build.0 = Debug|Any CPU
		{0BF762B8-1E7A-4070-8021-DA575E4EEF38}.Release|Any CPU.ActiveCfg = Release|Any CPU
		{0BF762B8-1E7A-4070-8021-DA575E4EEF38}.Release|Any CPU.Build.0 = Release|Any CPU
		{F75C74E1-ED62-42B0-82BB-BCA146CB9A3A}.Debug|Any CPU.ActiveCfg = Debug|Any CPU
		{F75C74E1-ED62-42B0-82BB-BCA146CB9A3A}.Debug|Any CPU.Build.0 = Debug|Any CPU
		{F75C74E1-ED62-42B0-82BB-BCA146CB9A3A}.Release|Any CPU.ActiveCfg = Release|Any CPU
		{F75C74E1-ED62-42B0-82BB-BCA146CB9A3A}.Release|Any CPU.Build.0 = Release|Any CPU
		{8618420A-D429-48F8-AD05-24025A068A7C}.Debug|Any CPU.ActiveCfg = Debug|Any CPU
		{8618420A-D429-48F8-AD05-24025A068A7C}.Debug|Any CPU.Build.0 = Debug|Any CPU
		{8618420A-D429-48F8-AD05-24025A068A7C}.Release|Any CPU.ActiveCfg = Release|Any CPU
		{8618420A-D429-48F8-AD05-24025A068A7C}.Release|Any CPU.Build.0 = Release|Any CPU
		{8183FA41-FB8B-483A-8CF5-00A928C138E4}.Debug|Any CPU.ActiveCfg = Debug|Any CPU
		{8183FA41-FB8B-483A-8CF5-00A928C138E4}.Debug|Any CPU.Build.0 = Debug|Any CPU
		{8183FA41-FB8B-483A-8CF5-00A928C138E4}.Release|Any CPU.ActiveCfg = Release|Any CPU
		{8183FA41-FB8B-483A-8CF5-00A928C138E4}.Release|Any CPU.Build.0 = Release|Any CPU
	EndGlobalSection
EndGlobal
